
Microsoft Visual Studio Solution File, Format Version 12.00
# Visual Studio Version 17
VisualStudioVersion = 17.7.34003.232
MinimumVisualStudioVersion = 10.0.40219.1
Project("{FAE04EC0-301F-11D3-BF4B-00C04F79EFBC}") = "App5.Android", "App5\App5.Android\App5.Android.csproj", "{87AB27F5-AF40-48C0-B29E-E236AD3D1F65}"
EndProject
Project("{FAE04EC0-301F-11D3-BF4B-00C04F79EFBC}") = "App5.iOS", "App5\App5.iOS\App5.iOS.csproj", "{011CB722-3AC7-47E1-B998-52A512E5FACD}"
EndProject
Project("{FAE04EC0-301F-11D3-BF4B-00C04F79EFBC}") = "App5", "App5\App5\App5.csproj", "{1D1698F3-73A2-40A4-BE32-3D1399E47E9E}"
EndProject
Global
	GlobalSection(SolutionConfigurationPlatforms) = preSolution
		Debug|Any CPU = Debug|Any CPU
		Debug|iPhone = Debug|iPhone
		Debug|iPhoneSimulator = Debug|iPhoneSimulator
		Release|Any CPU = Release|Any CPU
		Release|iPhone = Release|iPhone
		Release|iPhoneSimulator = Release|iPhoneSimulator
	EndGlobalSection
	GlobalSection(ProjectConfigurationPlatforms) = postSolution
		{87AB27F5-AF40-48C0-B29E-E236AD3D1F65}.Debug|Any CPU.ActiveCfg = Debug|Any CPU
		{87AB27F5-AF40-48C0-B29E-E236AD3D1F65}.Debug|Any CPU.Build.0 = Debug|Any CPU
		{87AB27F5-AF40-48C0-B29E-E236AD3D1F65}.Debug|Any CPU.Deploy.0 = Debug|Any CPU
		{87AB27F5-AF40-48C0-B29E-E236AD3D1F65}.Debug|iPhone.ActiveCfg = Debug|Any CPU
		{87AB27F5-AF40-48C0-B29E-E236AD3D1F65}.Debug|iPhone.Build.0 = Debug|Any CPU
		{87AB27F5-AF40-48C0-B29E-E236AD3D1F65}.Debug|iPhone.Deploy.0 = Debug|Any CPU
		{87AB27F5-AF40-48C0-B29E-E236AD3D1F65}.Debug|iPhoneSimulator.ActiveCfg = Debug|Any CPU
		{87AB27F5-AF40-48C0-B29E-E236AD3D1F65}.Debug|iPhoneSimulator.Build.0 = Debug|Any CPU
		{87AB27F5-AF40-48C0-B29E-E236AD3D1F65}.Debug|iPhoneSimulator.Deploy.0 = Debug|Any CPU
		{87AB27F5-AF40-48C0-B29E-E236AD3D1F65}.Release|Any CPU.ActiveCfg = Release|Any CPU
		{87AB27F5-AF40-48C0-B29E-E236AD3D1F65}.Release|Any CPU.Build.0 = Release|Any CPU
		{87AB27F5-AF40-48C0-B29E-E236AD3D1F65}.Release|Any CPU.Deploy.0 = Release|Any CPU
		{87AB27F5-AF40-48C0-B29E-E236AD3D1F65}.Release|iPhone.ActiveCfg = Release|Any CPU
		{87AB27F5-AF40-48C0-B29E-E236AD3D1F65}.Release|iPhone.Build.0 = Release|Any CPU
		{87AB27F5-AF40-48C0-B29E-E236AD3D1F65}.Release|iPhone.Deploy.0 = Release|Any CPU
		{87AB27F5-AF40-48C0-B29E-E236AD3D1F65}.Release|iPhoneSimulator.ActiveCfg = Release|Any CPU
		{87AB27F5-AF40-48C0-B29E-E236AD3D1F65}.Release|iPhoneSimulator.Build.0 = Release|Any CPU
		{87AB27F5-AF40-48C0-B29E-E236AD3D1F65}.Release|iPhoneSimulator.Deploy.0 = Release|Any CPU
		{011CB722-3AC7-47E1-B998-52A512E5FACD}.Debug|Any CPU.ActiveCfg = Debug|iPhone
		{011CB722-3AC7-47E1-B998-52A512E5FACD}.Debug|Any CPU.Build.0 = Debug|iPhone
		{011CB722-3AC7-47E1-B998-52A512E5FACD}.Debug|Any CPU.Deploy.0 = Debug|iPhone
		{011CB722-3AC7-47E1-B998-52A512E5FACD}.Debug|iPhone.ActiveCfg = Debug|iPhone
		{011CB722-3AC7-47E1-B998-52A512E5FACD}.Debug|iPhone.Build.0 = Debug|iPhone
		{011CB722-3AC7-47E1-B998-52A512E5FACD}.Debug|iPhone.Deploy.0 = Debug|iPhone
		{011CB722-3AC7-47E1-B998-52A512E5FACD}.Debug|iPhoneSimulator.ActiveCfg = Debug|iPhoneSimulator
		{011CB722-3AC7-47E1-B998-52A512E5FACD}.Debug|iPhoneSimulator.Build.0 = Debug|iPhoneSimulator
		{011CB722-3AC7-47E1-B998-52A512E5FACD}.Debug|iPhoneSimulator.Deploy.0 = Debug|iPhoneSimulator
		{011CB722-3AC7-47E1-B998-52A512E5FACD}.Release|Any CPU.ActiveCfg = Release|iPhoneSimulator
		{011CB722-3AC7-47E1-B998-52A512E5FACD}.Release|Any CPU.Build.0 = Release|iPhoneSimulator
		{011CB722-3AC7-47E1-B998-52A512E5FACD}.Release|Any CPU.Deploy.0 = Release|iPhoneSimulator
		{011CB722-3AC7-47E1-B998-52A512E5FACD}.Release|iPhone.ActiveCfg = Release|iPhone
		{011CB722-3AC7-47E1-B998-52A512E5FACD}.Release|iPhone.Build.0 = Release|iPhone
		{011CB722-3AC7-47E1-B998-52A512E5FACD}.Release|iPhone.Deploy.0 = Release|iPhone
		{011CB722-3AC7-47E1-B998-52A512E5FACD}.Release|iPhoneSimulator.ActiveCfg = Release|iPhoneSimulator
		{011CB722-3AC7-47E1-B998-52A512E5FACD}.Release|iPhoneSimulator.Build.0 = Release|iPhoneSimulator
		{011CB722-3AC7-47E1-B998-52A512E5FACD}.Release|iPhoneSimulator.Deploy.0 = Release|iPhoneSimulator
		{1D1698F3-73A2-40A4-BE32-3D1399E47E9E}.Debug|Any CPU.ActiveCfg = Debug|Any CPU
		{1D1698F3-73A2-40A4-BE32-3D1399E47E9E}.Debug|Any CPU.Build.0 = Debug|Any CPU
		{1D1698F3-73A2-40A4-BE32-3D1399E47E9E}.Debug|Any CPU.Deploy.0 = Debug|Any CPU
		{1D1698F3-73A2-40A4-BE32-3D1399E47E9E}.Debug|iPhone.ActiveCfg = Debug|Any CPU
		{1D1698F3-73A2-40A4-BE32-3D1399E47E9E}.Debug|iPhone.Build.0 = Debug|Any CPU
		{1D1698F3-73A2-40A4-BE32-3D1399E47E9E}.Debug|iPhone.Deploy.0 = Debug|Any CPU
		{1D1698F3-73A2-40A4-BE32-3D1399E47E9E}.Debug|iPhoneSimulator.ActiveCfg = Debug|Any CPU
		{1D1698F3-73A2-40A4-BE32-3D1399E47E9E}.Debug|iPhoneSimulator.Build.0 = Debug|Any CPU
		{1D1698F3-73A2-40A4-BE32-3D1399E47E9E}.Debug|iPhoneSimulator.Deploy.0 = Debug|Any CPU
		{1D1698F3-73A2-40A4-BE32-3D1399E47E9E}.Release|Any CPU.ActiveCfg = Release|Any CPU
		{1D1698F3-73A2-40A4-BE32-3D1399E47E9E}.Release|Any CPU.Build.0 = Release|Any CPU
		{1D1698F3-73A2-40A4-BE32-3D1399E47E9E}.Release|Any CPU.Deploy.0 = Release|Any CPU
		{1D1698F3-73A2-40A4-BE32-3D1399E47E9E}.Release|iPhone.ActiveCfg = Release|Any CPU
		{1D1698F3-73A2-40A4-BE32-3D1399E47E9E}.Release|iPhone.Build.0 = Release|Any CPU
		{1D1698F3-73A2-40A4-BE32-3D1399E47E9E}.Release|iPhone.Deploy.0 = Release|Any CPU
		{1D1698F3-73A2-40A4-BE32-3D1399E47E9E}.Release|iPhoneSimulator.ActiveCfg = Release|Any CPU
		{1D1698F3-73A2-40A4-BE32-3D1399E47E9E}.Release|iPhoneSimulator.Build.0 = Release|Any CPU
		{1D1698F3-73A2-40A4-BE32-3D1399E47E9E}.Release|iPhoneSimulator.Deploy.0 = Release|Any CPU
	EndGlobalSection
	GlobalSection(SolutionProperties) = preSolution
		HideSolutionNode = FALSE
	EndGlobalSection
	GlobalSection(ExtensibilityGlobals) = postSolution
		SolutionGuid = {10F6443D-091B-44D3-BB54-927A3C3E845B}
	EndGlobalSection
EndGlobal
